
Microsoft Visual Studio Solution File, Format Version 12.00
# Visual Studio Version 17
VisualStudioVersion = 17.7.34202.233
MinimumVisualStudioVersion = 10.0.40219.1
Project("{FAE04EC0-301F-11D3-BF4B-00C04F79EFBC}") = "LoginRegistrationForm", "LoginRegistrationForm\LoginRegistrationForm.csproj", "{2FC65C72-2320-4660-BA7E-7277D778E676}"
EndProject
Global
	GlobalSection(SolutionConfigurationPlatforms) = preSolution
		Debug|Any CPU = Debug|Any CPU
		Release|Any CPU = Release|Any CPU
	EndGlobalSection
	GlobalSection(ProjectConfigurationPlatforms) = postSolution
		{2FC65C72-2320-4660-BA7E-7277D778E676}.Debug|Any CPU.ActiveCfg = Debug|Any CPU
		{2FC65C72-2320-4660-BA7E-7277D778E676}.Debug|Any CPU.Build.0 = Debug|Any CPU
		{2FC65C72-2320-4660-BA7E-7277D778E676}.Release|Any CPU.ActiveCfg = Release|Any CPU
		{2FC65C72-2320-4660-BA7E-7277D778E676}.Release|Any CPU.Build.0 = Release|Any CPU
	EndGlobalSection
	GlobalSection(SolutionProperties) = preSolution
		HideSolutionNode = FALSE
	EndGlobalSection
	GlobalSection(ExtensibilityGlobals) = postSolution
		SolutionGuid = {1BF8D2DF-FD51-4A81-942E-37A431023F44}
	EndGlobalSection
EndGlobal
